
Microsoft Visual Studio Solution File, Format Version 12.00
Project("{FAE04EC0-301F-11D3-BF4B-00C04F79EFBC}") = "TimeFlyTrap.Monitoring", "TimeFlyTrap.Monitoring\TimeFlyTrap.Monitoring.csproj", "{8433982F-130B-4D7A-BF33-29FB8E400C59}"
EndProject
Project("{FAE04EC0-301F-11D3-BF4B-00C04F79EFBC}") = "TimeFlyTrap.ConsoleApp", "TimeFlyTrap.ConsoleApp\TimeFlyTrap.ConsoleApp.csproj", "{4BAA85F7-F37F-4252-9A0C-714083154851}"
EndProject
Global
	GlobalSection(SolutionConfigurationPlatforms) = preSolution
		Debug|Any CPU = Debug|Any CPU
		Release|Any CPU = Release|Any CPU
	EndGlobalSection
	GlobalSection(ProjectConfigurationPlatforms) = postSolution
		{8433982F-130B-4D7A-BF33-29FB8E400C59}.Debug|Any CPU.ActiveCfg = Debug|Any CPU
		{8433982F-130B-4D7A-BF33-29FB8E400C59}.Debug|Any CPU.Build.0 = Debug|Any CPU
		{8433982F-130B-4D7A-BF33-29FB8E400C59}.Release|Any CPU.ActiveCfg = Release|Any CPU
		{8433982F-130B-4D7A-BF33-29FB8E400C59}.Release|Any CPU.Build.0 = Release|Any CPU
		{4BAA85F7-F37F-4252-9A0C-714083154851}.Debug|Any CPU.ActiveCfg = Debug|Any CPU
		{4BAA85F7-F37F-4252-9A0C-714083154851}.Debug|Any CPU.Build.0 = Debug|Any CPU
		{4BAA85F7-F37F-4252-9A0C-714083154851}.Release|Any CPU.ActiveCfg = Release|Any CPU
		{4BAA85F7-F37F-4252-9A0C-714083154851}.Release|Any CPU.Build.0 = Release|Any CPU
	EndGlobalSection
EndGlobal
